// !$*UTF8*$!
{
	archiveVersion = 1;
	classes = {
	};
	objectVersion = 48;
	objects = {

/* Begin PBXBuildFile section */
		000661B51F93B2C30067DF15 /* AppDelegate.swift in Sources */ = {isa = PBXBuildFile; fileRef = 000661B41F93B2C30067DF15 /* AppDelegate.swift */; };
		000661B71F93B2C30067DF15 /* ViewController.swift in Sources */ = {isa = PBXBuildFile; fileRef = 000661B61F93B2C30067DF15 /* ViewController.swift */; };
		000661BA1F93B2C30067DF15 /* Main.storyboard in Resources */ = {isa = PBXBuildFile; fileRef = 000661B81F93B2C30067DF15 /* Main.storyboard */; };
		000661BC1F93B2C30067DF15 /* Assets.xcassets in Resources */ = {isa = PBXBuildFile; fileRef = 000661BB1F93B2C30067DF15 /* Assets.xcassets */; };
		000661BF1F93B2C30067DF15 /* LaunchScreen.storyboard in Resources */ = {isa = PBXBuildFile; fileRef = 000661BD1F93B2C30067DF15 /* LaunchScreen.storyboard */; };
/* End PBXBuildFile section */

/* Begin PBXFileReference section */
		000661B11F93B2C30067DF15 /* TakeAndSaveImagesApp.app */ = {isa = PBXFileReference; explicitFileType = wrapper.application; includeInIndex = 0; path = TakeAndSaveImagesApp.app; sourceTree = BUILT_PRODUCTS_DIR; };
		000661B41F93B2C30067DF15 /* AppDelegate.swift */ = {isa = PBXFileReference; lastKnownFileType = sourcecode.swift; path = AppDelegate.swift; sourceTree = "<group>"; };
		000661B61F93B2C30067DF15 /* ViewController.swift */ = {isa = PBXFileReference; lastKnownFileType = sourcecode.swift; path = ViewController.swift; sourceTree = "<group>"; };
		000661B91F93B2C30067DF15 /* Base */ = {isa = PBXFileReference; lastKnownFileType = file.storyboard; name = Base; path = Base.lproj/Main.storyboard; sourceTree = "<group>"; };
		000661BB1F93B2C30067DF15 /* Assets.xcassets */ = {isa = PBXFileReference; lastKnownFileType = folder.assetcatalog; path = Assets.xcassets; sourceTree = "<group>"; };
		000661BE1F93B2C30067DF15 /* Base */ = {isa = PBXFileReference; lastKnownFileType = file.storyboard; name = Base; path = Base.lproj/LaunchScreen.storyboard; sourceTree = "<group>"; };
		000661C01F93B2C30067DF15 /* Info.plist */ = {isa = PBXFileReference; lastKnownFileType = text.plist.xml; path = Info.plist; sourceTree = "<group>"; };
/* End PBXFileReference section */

/* Begin PBXFrameworksBuildPhase section */
		000661AE1F93B2C30067DF15 /* Frameworks */ = {
			isa = PBXFrameworksBuildPhase;
			buildActionMask = 2147483647;
			files = (
			);
			runOnlyForDeploymentPostprocessing = 0;
		};
/* End PBXFrameworksBuildPhase section */

/* Begin PBXGroup section */
		000661A81F93B2C30067DF15 = {
			isa = PBXGroup;
			children = (
				000661B31F93B2C30067DF15 /* TakeAndSaveImagesApp */,
				000661B21F93B2C30067DF15 /* Products */,
			);
			sourceTree = "<group>";
		};
		000661B21F93B2C30067DF15 /* Products */ = {
			isa = PBXGroup;
			children = (
				000661B11F93B2C30067DF15 /* TakeAndSaveImagesApp.app */,
			);
			name = Products;
			sourceTree = "<group>";
		};
		000661B31F93B2C30067DF15 /* TakeAndSaveImagesApp */ = {
			isa = PBXGroup;
			children = (
				000661B41F93B2C30067DF15 /* AppDelegate.swift */,
				000661B61F93B2C30067DF15 /* ViewController.swift */,
				000661B81F93B2C30067DF15 /* Main.storyboard */,
				000661BB1F93B2C30067DF15 /* Assets.xcassets */,
				000661BD1F93B2C30067DF15 /* LaunchScreen.storyboard */,
				000661C01F93B2C30067DF15 /* Info.plist */,
			);
			path = TakeAndSaveImagesApp;
			sourceTree = "<group>";
		};
/* End PBXGroup section */

/* Begin PBXNativeTarget section */
		000661B01F93B2C30067DF15 /* TakeAndSaveImagesApp */ = {
			isa = PBXNativeTarget;
			buildConfigurationList = 000661C31F93B2C30067DF15 /* Build configuration list for PBXNativeTarget "TakeAndSaveImagesApp" */;
			buildPhases = (
				000661AD1F93B2C30067DF15 /* Sources */,
				000661AE1F93B2C30067DF15 /* Frameworks */,
				000661AF1F93B2C30067DF15 /* Resources */,
			);
			buildRules = (
			);
			dependencies = (
			);
			name = TakeAndSaveImagesApp;
			productName = TakeAndSaveImagesApp;
			productReference = 000661B11F93B2C30067DF15 /* TakeAndSaveImagesApp.app */;
			productType = "com.apple.product-type.application";
		};
/* End PBXNativeTarget section */

/* Begin PBXProject section */
		000661A91F93B2C30067DF15 /* Project object */ = {
			isa = PBXProject;
			attributes = {
				LastSwiftUpdateCheck = 0900;
				LastUpgradeCheck = 0900;
				ORGANIZATIONNAME = Andreyka;
				TargetAttributes = {
					000661B01F93B2C30067DF15 = {
						CreatedOnToolsVersion = 9.0;
						ProvisioningStyle = Automatic;
					};
				};
			};
			buildConfigurationList = 000661AC1F93B2C30067DF15 /* Build configuration list for PBXProject "TakeAndSaveImagesApp" */;
			compatibilityVersion = "Xcode 8.0";
			developmentRegion = en;
			hasScannedForEncodings = 0;
			knownRegions = (
				en,
				Base,
			);
			mainGroup = 000661A81F93B2C30067DF15;
			productRefGroup = 000661B21F93B2C30067DF15 /* Products */;
			projectDirPath = "";
			projectRoot = "";
			targets = (
				000661B01F93B2C30067DF15 /* TakeAndSaveImagesApp */,
			);
		};
/* End PBXProject section */

/* Begin PBXResourcesBuildPhase section */
		000661AF1F93B2C30067DF15 /* Resources */ = {
			isa = PBXResourcesBuildPhase;
			buildActionMask = 2147483647;
			files = (
				000661BF1F93B2C30067DF15 /* LaunchScreen.storyboard in Resources */,
				000661BC1F93B2C30067DF15 /* Assets.xcassets in Resources */,
				000661BA1F93B2C30067DF15 /* Main.storyboard in Resources */,
			);
			runOnlyForDeploymentPostprocessing = 0;
		};
/* End PBXResourcesBuildPhase section */

/* Begin PBXSourcesBuildPhase section */
		000661AD1F93B2C30067DF15 /* Sources */ = {
			isa = PBXSourcesBuildPhase;
			buildActionMask = 2147483647;
			files = (
				000661B71F93B2C30067DF15 /* ViewController.swift in Sources */,
				000661B51F93B2C30067DF15 /* AppDelegate.swift in Sources */,
			);
			runOnlyForDeploymentPostprocessing = 0;
		};
/* End PBXSourcesBuildPhase section */

/* Begin PBXVariantGroup section */
		000661B81F93B2C30067DF15 /* Main.storyboard */ = {
			isa = PBXVariantGroup;
			children = (
				000661B91F93B2C30067DF15 /* Base */,
			);
			name = Main.storyboard;
			sourceTree = "<group>";
		};
		000661BD1F93B2C30067DF15 /* LaunchScreen.storyboard */ = {
			isa = PBXVariantGroup;
			children = (
				000661BE1F93B2C30067DF15 /* Base */,
			);
			name = LaunchScreen.storyboard;
			sourceTree = "<group>";
		};
/* End PBXVariantGroup section */

/* Begin XCBuildConfiguration section */
		000661C11F93B2C30067DF15 /* Debug */ = {
			isa = XCBuildConfiguration;
			buildSettings = {
				ALWAYS_SEARCH_USER_PATHS = NO;
				CLANG_ANALYZER_NONNULL = YES;
				CLANG_ANALYZER_NUMBER_OBJECT_CONVERSION = YES_AGGRESSIVE;
				CLANG_CXX_LANGUAGE_STANDARD = "gnu++14";
				CLANG_CXX_LIBRARY = "libc++";
				CLANG_ENABLE_MODULES = YES;
				CLANG_ENABLE_OBJC_ARC = YES;
				CLANG_WARN_BLOCK_CAPTURE_AUTORELEASING = YES;
				CLANG_WARN_BOOL_CONVERSION = YES;
				CLANG_WARN_COMMA = YES;
				CLANG_WARN_CONSTANT_CONVERSION = YES;
				CLANG_WARN_DIRECT_OBJC_ISA_USAGE = YES_ERROR;
				CLANG_WARN_DOCUMENTATION_COMMENTS = YES;
				CLANG_WARN_EMPTY_BODY = YES;
				CLANG_WARN_ENUM_CONVERSION = YES;
				CLANG_WARN_INFINITE_RECURSION = YES;
				CLANG_WARN_INT_CONVERSION = YES;
				CLANG_WARN_NON_LITERAL_NULL_CONVERSION = YES;
				CLANG_WARN_OBJC_LITERAL_CONVERSION = YES;
				CLANG_WARN_OBJC_ROOT_CLASS = YES_ERROR;
				CLANG_WARN_RANGE_LOOP_ANALYSIS = YES;
				CLANG_WARN_STRICT_PROTOTYPES = YES;
				CLANG_WARN_SUSPICIOUS_MOVE = YES;
				CLANG_WARN_UNGUARDED_AVAILABILITY = YES_AGGRESSIVE;
				CLANG_WARN_UNREACHABLE_CODE = YES;
				CLANG_WARN__DUPLICATE_METHOD_MATCH = YES;
				CODE_SIGN_IDENTITY = "iPhone Developer";
				COPY_PHASE_STRIP = NO;
				DEBUG_INFORMATION_FORMAT = dwarf;
				ENABLE_STRICT_OBJC_MSGSEND = YES;
				ENABLE_TESTABILITY = YES;
				GCC_C_LANGUAGE_STANDARD = gnu11;
				GCC_DYNAMIC_NO_PIC = NO;
				GCC_NO_COMMON_BLOCKS = YES;
				GCC_OPTIMIZATION_LEVEL = 0;
				GCC_PREPROCESSOR_DEFINITIONS = (
					"DEBUG=1",
					"$(inherited)",
				);
				GCC_WARN_64_TO_32_BIT_CONVERSION = YES;
				GCC_WARN_ABOUT_RETURN_TYPE = YES_ERROR;
				GCC_WARN_UNDECLARED_SELECTOR = YES;
				GCC_WARN_UNINITIALIZED_AUTOS = YES_AGGRESSIVE;
				GCC_WARN_UNUSED_FUNCTION = YES;
				GCC_WARN_UNUSED_VARIABLE = YES;
				IPHONEOS_DEPLOYMENT_TARGET = 11.0;
				MTL_ENABLE_DEBUG_INFO = YES;
				ONLY_ACTIVE_ARCH = YES;
				SDKROOT = iphoneos;
				SWIFT_ACTIVE_COMPILATION_CONDITIONS = DEBUG;
				SWIFT_OPTIMIZATION_LEVEL = "-Onone";
			};
			name = Debug;
		};
		000661C21F93B2C30067DF15 /* Release */ = {
			isa = XCBuildConfiguration;
			buildSettings = {
				ALWAYS_SEARCH_USER_PATHS = NO;
				CLANG_ANALYZER_NONNULL = YES;
				CLANG_ANALYZER_NUMBER_OBJECT_CONVERSION = YES_AGGRESSIVE;
				CLANG_CXX_LANGUAGE_STANDARD = "gnu++14";
				CLANG_CXX_LIBRARY = "libc++";
				CLANG_ENABLE_MODULES = YES;
				CLANG_ENABLE_OBJC_ARC = YES;
				CLANG_WARN_BLOCK_CAPTURE_AUTORELEASING = YES;
				CLANG_WARN_BOOL_CONVERSION = YES;
				CLANG_WARN_COMMA = YES;
				CLANG_WARN_CONSTANT_CONVERSION = YES;
				CLANG_WARN_DIRECT_OBJC_ISA_USAGE = YES_ERROR;
				CLANG_WARN_DOCUMENTATION_COMMENTS = YES;
				CLANG_WARN_EMPTY_BODY = YES;
				CLANG_WARN_ENUM_CONVERSION = YES;
				CLANG_WARN_INFINITE_RECURSION = YES;
				CLANG_WARN_INT_CONVERSION = YES;
				CLANG_WARN_NON_LITERAL_NULL_CONVERSION = YES;
				CLANG_WARN_OBJC_LITERAL_CONVERSION = YES;
				CLANG_WARN_OBJC_ROOT_CLASS = YES_ERROR;
				CLANG_WARN_RANGE_LOOP_ANALYSIS = YES;
				CLANG_WARN_STRICT_PROTOTYPES = YES;
				CLANG_WARN_SUSPICIOUS_MOVE = YES;
				CLANG_WARN_UNGUARDED_AVAILABILITY = YES_AGGRESSIVE;
				CLANG_WARN_UNREACHABLE_CODE = YES;
				CLANG_WARN__DUPLICATE_METHOD_MATCH = YES;
				CODE_SIGN_IDENTITY = "iPhone Developer";
				COPY_PHASE_STRIP = NO;
				DEBUG_INFORMATION_FORMAT = "dwarf-with-dsym";
				ENABLE_NS_ASSERTIONS = NO;
				ENABLE_STRICT_OBJC_MSGSEND = YES;
				GCC_C_LANGUAGE_STANDARD = gnu11;
				GCC_NO_COMMON_BLOCKS = YES;
				GCC_WARN_64_TO_32_BIT_CONVERSION = YES;
				GCC_WARN_ABOUT_RETURN_TYPE = YES_ERROR;
				GCC_WARN_UNDECLARED_SELECTOR = YES;
				GCC_WARN_UNINITIALIZED_AUTOS = YES_AGGRESSIVE;
				GCC_WARN_UNUSED_FUNCTION = YES;
				GCC_WARN_UNUSED_VARIABLE = YES;
				IPHONEOS_DEPLOYMENT_TARGET = 11.0;
				MTL_ENABLE_DEBUG_INFO = NO;
				SDKROOT = iphoneos;
				SWIFT_OPTIMIZATION_LEVEL = "-Owholemodule";
				VALIDATE_PRODUCT = YES;
			};
			name = Release;
		};
		000661C41F93B2C30067DF15 /* Debug */ = {
			isa = XCBuildConfiguration;
			buildSettings = {
				ASSETCATALOG_COMPILER_APPICON_NAME = AppIcon;
				CODE_SIGN_STYLE = Automatic;
				DEVELOPMENT_TEAM = 5R93UBRK4V;
				INFOPLIST_FILE = TakeAndSaveImagesApp/Info.plist;
				LD_RUNPATH_SEARCH_PATHS = "$(inherited) @executable_path/Frameworks";
				PRODUCT_BUNDLE_IDENTIFIER = org.premiumapp.TakeAndSaveImagesApp;
				PRODUCT_NAME = "$(TARGET_NAME)";
				SWIFT_VERSION = 4.0;
				TARGETED_DEVICE_FAMILY = "1,2";
			};
			name = Debug;
		};
		000661C51F93B2C30067DF15 /* Release */ = {
			isa = XCBuildConfiguration;
			buildSettings = {
				ASSETCATALOG_COMPILER_APPICON_NAME = AppIcon;
				CODE_SIGN_STYLE = Automatic;
				DEVELOPMENT_TEAM = 5R93UBRK4V;
				INFOPLIST_FILE = TakeAndSaveImagesApp/Info.plist;
				LD_RUNPATH_SEARCH_PATHS = "$(inherited) @executable_path/Frameworks";
				PRODUCT_BUNDLE_IDENTIFIER = org.premiumapp.TakeAndSaveImagesApp;
				PRODUCT_NAME = "$(TARGET_NAME)";
				SWIFT_VERSION = 4.0;
				TARGETED_DEVICE_FAMILY = "1,2";
			};
			name = Release;
		};
/* End XCBuildConfiguration section */

/* Begin XCConfigurationList section */
		000661AC1F93B2C30067DF15 /* Build configuration list for PBXProject "TakeAndSaveImagesApp" */ = {
			isa = XCConfigurationList;
			buildConfigurations = (
				000661C11F93B2C30067DF15 /* Debug */,
				000661C21F93B2C30067DF15 /* Release */,
			);
			defaultConfigurationIsVisible = 0;
			defaultConfigurationName = Release;
		};
		000661C31F93B2C30067DF15 /* Build configuration list for PBXNativeTarget "TakeAndSaveImagesApp" */ = {
			isa = XCConfigurationList;
			buildConfigurations = (
				000661C41F93B2C30067DF15 /* Debug */,
				000661C51F93B2C30067DF15 /* Release */,
			);
			defaultConfigurationIsVisible = 0;
			defaultConfigurationName = Release;
		};
/* End XCConfigurationList section */
	};
	rootObject = 000661A91F93B2C30067DF15 /* Project object */;
}
